// !$*UTF8*$!
{
	archiveVersion = 1;
	classes = {
	};
	objectVersion = 77;
	objects = {

/* Begin PBXBuildFile section */
		C0DA00012F50000000C0DA01 /* DailySumControls.appex in Embed App Extensions */ = {isa = PBXBuildFile; fileRef = C0DA00032F50000000C0DA03 /* DailySumControls.appex */; settings = {ATTRIBUTES = (RemoveHeadersOnCopy, ); }; };
/* End PBXBuildFile section */

/* Begin PBXContainerItemProxy section */
		C0DA00022F50000000C0DA02 /* PBXContainerItemProxy */ = {
			isa = PBXContainerItemProxy;
			containerPortal = D1473B752F39023C00F93BDF /* Project object */;
			proxyType = 1;
			remoteGlobalIDString = C0DA00072F50000000C0DA07;
			remoteInfo = DailySumControls;
		};
		D1473B8D2F39023D00F93BDF /* PBXContainerItemProxy */ = {
			isa = PBXContainerItemProxy;
			containerPortal = D1473B752F39023C00F93BDF /* Project object */;
			proxyType = 1;
			remoteGlobalIDString = D1473B7C2F39023C00F93BDF;
			remoteInfo = Flux;
		};
		D1473B972F39023D00F93BDF /* PBXContainerItemProxy */ = {
			isa = PBXContainerItemProxy;
			containerPortal = D1473B752F39023C00F93BDF /* Project object */;
			proxyType = 1;
			remoteGlobalIDString = D1473B7C2F39023C00F93BDF;
			remoteInfo = Flux;
		};
/* End PBXContainerItemProxy section */

/* Begin PBXCopyFilesBuildPhase section */
		C0DA00052F50000000C0DA05 /* Embed App Extensions */ = {
			isa = PBXCopyFilesBuildPhase;
			buildActionMask = 2147483647;
			dstPath = "";
			dstSubfolderSpec = 13;
			files = (
				C0DA00012F50000000C0DA01 /* DailySumControls.appex in Embed App Extensions */,
			);
			name = "Embed App Extensions";
			runOnlyForDeploymentPostprocessing = 0;
		};
/* End PBXCopyFilesBuildPhase section */

/* Begin PBXFileReference section */
		C0DA00032F50000000C0DA03 /* DailySumControls.appex */ = {isa = PBXFileReference; explicitFileType = "wrapper.app-extension"; includeInIndex = 0; path = DailySumControls.appex; sourceTree = BUILT_PRODUCTS_DIR; };
		D1473B7D2F39023C00F93BDF /* Flux.app */ = {isa = PBXFileReference; explicitFileType = wrapper.application; includeInIndex = 0; path = Flux.app; sourceTree = BUILT_PRODUCTS_DIR; };
		D1473B8C2F39023D00F93BDF /* FluxTests.xctest */ = {isa = PBXFileReference; explicitFileType = wrapper.cfbundle; includeInIndex = 0; path = FluxTests.xctest; sourceTree = BUILT_PRODUCTS_DIR; };
		D1473B962F39023D00F93BDF /* FluxUITests.xctest */ = {isa = PBXFileReference; explicitFileType = wrapper.cfbundle; includeInIndex = 0; path = FluxUITests.xctest; sourceTree = BUILT_PRODUCTS_DIR; };
/* End PBXFileReference section */

/* Begin PBXFileSystemSynchronizedBuildFileExceptionSet section */
		C0DA000E2F50000000C0DA0E /* Exceptions for "DailySumControls" folder in "DailySumControls" target */ = {
			isa = PBXFileSystemSynchronizedBuildFileExceptionSet;
			membershipExceptions = (
				Info.plist,
			);
			target = C0DA00072F50000000C0DA07 /* DailySumControls */;
		};
/* End PBXFileSystemSynchronizedBuildFileExceptionSet section */

/* Begin PBXFileSystemSynchronizedRootGroup section */
		C0DA00042F50000000C0DA04 /* DailySumControls */ = {
			isa = PBXFileSystemSynchronizedRootGroup;
			exceptions = (
				C0DA000E2F50000000C0DA0E /* Exceptions for "DailySumControls" folder in "DailySumControls" target */,
			);
			path = DailySumControls;
			sourceTree = "<group>";
		};
		C0DA000F2F50000000C0DA0F /* SharedAppIntents */ = {
			isa = PBXFileSystemSynchronizedRootGroup;
			path = SharedAppIntents;
			sourceTree = "<group>";
		};
		D1473B7F2F39023C00F93BDF /* Flux */ = {
			isa = PBXFileSystemSynchronizedRootGroup;
			path = Flux;
			sourceTree = "<group>";
		};
		D1473B8F2F39023D00F93BDF /* FluxTests */ = {
			isa = PBXFileSystemSynchronizedRootGroup;
			path = FluxTests;
			sourceTree = "<group>";
		};
		D1473B992F39023D00F93BDF /* FluxUITests */ = {
			isa = PBXFileSystemSynchronizedRootGroup;
			path = FluxUITests;
			sourceTree = "<group>";
		};
/* End PBXFileSystemSynchronizedRootGroup section */

/* Begin PBXFrameworksBuildPhase section */
		C0DA00062F50000000C0DA06 /* Frameworks */ = {
			isa = PBXFrameworksBuildPhase;
			buildActionMask = 2147483647;
			files = (
			);
			runOnlyForDeploymentPostprocessing = 0;
		};
		D1473B7A2F39023C00F93BDF /* Frameworks */ = {
			isa = PBXFrameworksBuildPhase;
			buildActionMask = 2147483647;
			files = (
			);
			runOnlyForDeploymentPostprocessing = 0;
		};
		D1473B892F39023D00F93BDF /* Frameworks */ = {
			isa = PBXFrameworksBuildPhase;
			buildActionMask = 2147483647;
			files = (
			);
			runOnlyForDeploymentPostprocessing = 0;
		};
		D1473B932F39023D00F93BDF /* Frameworks */ = {
			isa = PBXFrameworksBuildPhase;
			buildActionMask = 2147483647;
			files = (
			);
			runOnlyForDeploymentPostprocessing = 0;
		};
/* End PBXFrameworksBuildPhase section */

/* Begin PBXGroup section */
		D1473B742F39023C00F93BDF = {
			isa = PBXGroup;
			children = (
				D1473B7F2F39023C00F93BDF /* Flux */,
				C0DA00042F50000000C0DA04 /* DailySumControls */,
				C0DA000F2F50000000C0DA0F /* SharedAppIntents */,
				D1473B8F2F39023D00F93BDF /* FluxTests */,
				D1473B992F39023D00F93BDF /* FluxUITests */,
				D1473B7E2F39023C00F93BDF /* Products */,
			);
			sourceTree = "<group>";
		};
		D1473B7E2F39023C00F93BDF /* Products */ = {
			isa = PBXGroup;
			children = (
				D1473B7D2F39023C00F93BDF /* Flux.app */,
				C0DA00032F50000000C0DA03 /* DailySumControls.appex */,
				D1473B8C2F39023D00F93BDF /* FluxTests.xctest */,
				D1473B962F39023D00F93BDF /* FluxUITests.xctest */,
			);
			name = Products;
			sourceTree = "<group>";
		};
/* End PBXGroup section */

/* Begin PBXNativeTarget section */
		C0DA00072F50000000C0DA07 /* DailySumControls */ = {
			isa = PBXNativeTarget;
			buildConfigurationList = C0DA000D2F50000000C0DA0D /* Build configuration list for PBXNativeTarget "DailySumControls" */;
			buildPhases = (
				C0DA00092F50000000C0DA09 /* Sources */,
				C0DA00062F50000000C0DA06 /* Frameworks */,
				C0DA00082F50000000C0DA08 /* Resources */,
			);
			buildRules = (
			);
			dependencies = (
			);
			fileSystemSynchronizedGroups = (
				C0DA00042F50000000C0DA04 /* DailySumControls */,
				C0DA000F2F50000000C0DA0F /* SharedAppIntents */,
			);
			name = DailySumControls;
			packageProductDependencies = (
			);
			productName = DailySumControls;
			productReference = C0DA00032F50000000C0DA03 /* DailySumControls.appex */;
			productType = "com.apple.product-type.app-extension";
		};
		D1473B7C2F39023C00F93BDF /* Flux */ = {
			isa = PBXNativeTarget;
			buildConfigurationList = D1473BA02F39023D00F93BDF /* Build configuration list for PBXNativeTarget "Flux" */;
			buildPhases = (
				D1473B792F39023C00F93BDF /* Sources */,
				D1473B7A2F39023C00F93BDF /* Frameworks */,
				D1473B7B2F39023C00F93BDF /* Resources */,
				C0DA00052F50000000C0DA05 /* Embed App Extensions */,
			);
			buildRules = (
			);
			dependencies = (
				C0DA000A2F50000000C0DA0A /* PBXTargetDependency */,
			);
			fileSystemSynchronizedGroups = (
				C0DA000F2F50000000C0DA0F /* SharedAppIntents */,
				D1473B7F2F39023C00F93BDF /* Flux */,
			);
			name = Flux;
			packageProductDependencies = (
			);
			productName = Flux;
			productReference = D1473B7D2F39023C00F93BDF /* Flux.app */;
			productType = "com.apple.product-type.application";
		};
		D1473B8B2F39023D00F93BDF /* FluxTests */ = {
			isa = PBXNativeTarget;
			buildConfigurationList = D1473BA32F39023D00F93BDF /* Build configuration list for PBXNativeTarget "FluxTests" */;
			buildPhases = (
				D1473B882F39023D00F93BDF /* Sources */,
				D1473B892F39023D00F93BDF /* Frameworks */,
				D1473B8A2F39023D00F93BDF /* Resources */,
			);
			buildRules = (
			);
			dependencies = (
				D1473B8E2F39023D00F93BDF /* PBXTargetDependency */,
			);
			fileSystemSynchronizedGroups = (
				D1473B8F2F39023D00F93BDF /* FluxTests */,
			);
			name = FluxTests;
			packageProductDependencies = (
			);
			productName = FluxTests;
			productReference = D1473B8C2F39023D00F93BDF /* FluxTests.xctest */;
			productType = "com.apple.product-type.bundle.unit-test";
		};
		D1473B952F39023D00F93BDF /* FluxUITests */ = {
			isa = PBXNativeTarget;
			buildConfigurationList = D1473BA62F39023D00F93BDF /* Build configuration list for PBXNativeTarget "FluxUITests" */;
			buildPhases = (
				D1473B922F39023D00F93BDF /* Sources */,
				D1473B932F39023D00F93BDF /* Frameworks */,
				D1473B942F39023D00F93BDF /* Resources */,
			);
			buildRules = (
			);
			dependencies = (
				D1473B982F39023D00F93BDF /* PBXTargetDependency */,
			);
			fileSystemSynchronizedGroups = (
				D1473B992F39023D00F93BDF /* FluxUITests */,
			);
			name = FluxUITests;
			packageProductDependencies = (
			);
			productName = FluxUITests;
			productReference = D1473B962F39023D00F93BDF /* FluxUITests.xctest */;
			productType = "com.apple.product-type.bundle.ui-testing";
		};
/* End PBXNativeTarget section */

/* Begin PBXProject section */
		D1473B752F39023C00F93BDF /* Project object */ = {
			isa = PBXProject;
			attributes = {
				BuildIndependentTargetsInParallel = 1;
				LastSwiftUpdateCheck = 2620;
				LastUpgradeCheck = 2630;
				TargetAttributes = {
					C0DA00072F50000000C0DA07 = {
						CreatedOnToolsVersion = 26.2;
					};
					D1473B7C2F39023C00F93BDF = {
						CreatedOnToolsVersion = 26.2;
						SystemCapabilities = {
							com.apple.CloudKit = {
								enabled = 1;
							};
							com.apple.iCloud = {
								enabled = 1;
							};
						};
					};
					D1473B8B2F39023D00F93BDF = {
						CreatedOnToolsVersion = 26.2;
						TestTargetID = D1473B7C2F39023C00F93BDF;
					};
					D1473B952F39023D00F93BDF = {
						CreatedOnToolsVersion = 26.2;
						TestTargetID = D1473B7C2F39023C00F93BDF;
					};
				};
			};
			buildConfigurationList = D1473B782F39023C00F93BDF /* Build configuration list for PBXProject "Flux" */;
			developmentRegion = en;
			hasScannedForEncodings = 0;
			knownRegions = (
				en,
			);
			mainGroup = D1473B742F39023C00F93BDF;
			minimizedProjectReferenceProxies = 1;
			preferredProjectObjectVersion = 77;
			productRefGroup = D1473B7E2F39023C00F93BDF /* Products */;
			projectDirPath = "";
			projectRoot = "";
			targets = (
				D1473B7C2F39023C00F93BDF /* Flux */,
				C0DA00072F50000000C0DA07 /* DailySumControls */,
				D1473B8B2F39023D00F93BDF /* FluxTests */,
				D1473B952F39023D00F93BDF /* FluxUITests */,
			);
		};
/* End PBXProject section */

/* Begin PBXResourcesBuildPhase section */
		C0DA00082F50000000C0DA08 /* Resources */ = {
			isa = PBXResourcesBuildPhase;
			buildActionMask = 2147483647;
			files = (
			);
			runOnlyForDeploymentPostprocessing = 0;
		};
		D1473B7B2F39023C00F93BDF /* Resources */ = {
			isa = PBXResourcesBuildPhase;
			buildActionMask = 2147483647;
			files = (
			);
			runOnlyForDeploymentPostprocessing = 0;
		};
		D1473B8A2F39023D00F93BDF /* Resources */ = {
			isa = PBXResourcesBuildPhase;
			buildActionMask = 2147483647;
			files = (
			);
			runOnlyForDeploymentPostprocessing = 0;
		};
		D1473B942F39023D00F93BDF /* Resources */ = {
			isa = PBXResourcesBuildPhase;
			buildActionMask = 2147483647;
			files = (
			);
			runOnlyForDeploymentPostprocessing = 0;
		};
/* End PBXResourcesBuildPhase section */

/* Begin PBXSourcesBuildPhase section */
		C0DA00092F50000000C0DA09 /* Sources */ = {
			isa = PBXSourcesBuildPhase;
			buildActionMask = 2147483647;
			files = (
			);
			runOnlyForDeploymentPostprocessing = 0;
		};
		D1473B792F39023C00F93BDF /* Sources */ = {
			isa = PBXSourcesBuildPhase;
			buildActionMask = 2147483647;
			files = (
			);
			runOnlyForDeploymentPostprocessing = 0;
		};
		D1473B882F39023D00F93BDF /* Sources */ = {
			isa = PBXSourcesBuildPhase;
			buildActionMask = 2147483647;
			files = (
			);
			runOnlyForDeploymentPostprocessing = 0;
		};
		D1473B922F39023D00F93BDF /* Sources */ = {
			isa = PBXSourcesBuildPhase;
			buildActionMask = 2147483647;
			files = (
			);
			runOnlyForDeploymentPostprocessing = 0;
		};
/* End PBXSourcesBuildPhase section */

/* Begin PBXTargetDependency section */
		C0DA000A2F50000000C0DA0A /* PBXTargetDependency */ = {
			isa = PBXTargetDependency;
			target = C0DA00072F50000000C0DA07 /* DailySumControls */;
			targetProxy = C0DA00022F50000000C0DA02 /* PBXContainerItemProxy */;
		};
		D1473B8E2F39023D00F93BDF /* PBXTargetDependency */ = {
			isa = PBXTargetDependency;
			target = D1473B7C2F39023C00F93BDF /* Flux */;
			targetProxy = D1473B8D2F39023D00F93BDF /* PBXContainerItemProxy */;
		};
		D1473B982F39023D00F93BDF /* PBXTargetDependency */ = {
			isa = PBXTargetDependency;
			target = D1473B7C2F39023C00F93BDF /* Flux */;
			targetProxy = D1473B972F39023D00F93BDF /* PBXContainerItemProxy */;
		};
/* End PBXTargetDependency section */

/* Begin XCBuildConfiguration section */
		C0DA000B2F50000000C0DA0B /* Debug */ = {
			isa = XCBuildConfiguration;
			buildSettings = {
				APPLICATION_EXTENSION_API_ONLY = YES;
				CODE_SIGN_STYLE = Automatic;
				CURRENT_PROJECT_VERSION = 70;
				DEVELOPMENT_TEAM = Y35DF7ZN72;
				GENERATE_INFOPLIST_FILE = NO;
				INFOPLIST_FILE = DailySumControls/Info.plist;
				IPHONEOS_DEPLOYMENT_TARGET = 26.2;
				LD_RUNPATH_SEARCH_PATHS = (
					"$(inherited)",
					"@executable_path/Frameworks",
					"@executable_path/../../Frameworks",
				);
				MARKETING_VERSION = 1.10;
				PRODUCT_BUNDLE_IDENTIFIER = Wing.Flux.DailySumControls;
				PRODUCT_NAME = "$(TARGET_NAME)";
				SKIP_INSTALL = YES;
				STRING_CATALOG_GENERATE_SYMBOLS = YES;
				SWIFT_APPROACHABLE_CONCURRENCY = YES;
				SWIFT_DEFAULT_ACTOR_ISOLATION = MainActor;
				SWIFT_EMIT_LOC_STRINGS = YES;
				SWIFT_UPCOMING_FEATURE_MEMBER_IMPORT_VISIBILITY = YES;
				SWIFT_VERSION = 5.0;
				TARGETED_DEVICE_FAMILY = 1;
			};
			name = Debug;
		};
		C0DA000C2F50000000C0DA0C /* Release */ = {
			isa = XCBuildConfiguration;
			buildSettings = {
				APPLICATION_EXTENSION_API_ONLY = YES;
				CODE_SIGN_STYLE = Automatic;
				CURRENT_PROJECT_VERSION = 70;
				DEVELOPMENT_TEAM = Y35DF7ZN72;
				GENERATE_INFOPLIST_FILE = NO;
				INFOPLIST_FILE = DailySumControls/Info.plist;
				IPHONEOS_DEPLOYMENT_TARGET = 26.2;
				LD_RUNPATH_SEARCH_PATHS = (
					"$(inherited)",
					"@executable_path/Frameworks",
					"@executable_path/../../Frameworks",
				);
				MARKETING_VERSION = 1.10;
				PRODUCT_BUNDLE_IDENTIFIER = Wing.Flux.DailySumControls;
				PRODUCT_NAME = "$(TARGET_NAME)";
				SKIP_INSTALL = YES;
				STRING_CATALOG_GENERATE_SYMBOLS = YES;
				SWIFT_APPROACHABLE_CONCURRENCY = YES;
				SWIFT_DEFAULT_ACTOR_ISOLATION = MainActor;
				SWIFT_EMIT_LOC_STRINGS = YES;
				SWIFT_UPCOMING_FEATURE_MEMBER_IMPORT_VISIBILITY = YES;
				SWIFT_VERSION = 5.0;
				TARGETED_DEVICE_FAMILY = 1;
			};
			name = Release;
		};
		D1473B9E2F39023D00F93BDF /* Debug */ = {
			isa = XCBuildConfiguration;
			buildSettings = {
				ALWAYS_SEARCH_USER_PATHS = NO;
				ASSETCATALOG_COMPILER_GENERATE_SWIFT_ASSET_SYMBOL_EXTENSIONS = YES;
				CLANG_ANALYZER_NONNULL = YES;
				CLANG_ANALYZER_NUMBER_OBJECT_CONVERSION = YES_AGGRESSIVE;
				CLANG_CXX_LANGUAGE_STANDARD = "gnu++20";
				CLANG_ENABLE_MODULES = YES;
				CLANG_ENABLE_OBJC_ARC = YES;
				CLANG_ENABLE_OBJC_WEAK = YES;
				CLANG_WARN_BLOCK_CAPTURE_AUTORELEASING = YES;
				CLANG_WARN_BOOL_CONVERSION = YES;
				CLANG_WARN_COMMA = YES;
				CLANG_WARN_CONSTANT_CONVERSION = YES;
				CLANG_WARN_DEPRECATED_OBJC_IMPLEMENTATIONS = YES;
				CLANG_WARN_DIRECT_OBJC_ISA_USAGE = YES_ERROR;
				CLANG_WARN_DOCUMENTATION_COMMENTS = YES;
				CLANG_WARN_EMPTY_BODY = YES;
				CLANG_WARN_ENUM_CONVERSION = YES;
				CLANG_WARN_INFINITE_RECURSION = YES;
				CLANG_WARN_INT_CONVERSION = YES;
				CLANG_WARN_NON_LITERAL_NULL_CONVERSION = YES;
				CLANG_WARN_OBJC_IMPLICIT_RETAIN_SELF = YES;
				CLANG_WARN_OBJC_LITERAL_CONVERSION = YES;
				CLANG_WARN_OBJC_ROOT_CLASS = YES_ERROR;
				CLANG_WARN_QUOTED_INCLUDE_IN_FRAMEWORK_HEADER = YES;
				CLANG_WARN_RANGE_LOOP_ANALYSIS = YES;
				CLANG_WARN_STRICT_PROTOTYPES = YES;
				CLANG_WARN_SUSPICIOUS_MOVE = YES;
				CLANG_WARN_UNGUARDED_AVAILABILITY = YES_AGGRESSIVE;
				CLANG_WARN_UNREACHABLE_CODE = YES;
				CLANG_WARN__DUPLICATE_METHOD_MATCH = YES;
				COPY_PHASE_STRIP = NO;
				DEBUG_INFORMATION_FORMAT = dwarf;
				DEVELOPMENT_TEAM = Y35DF7ZN72;
				ENABLE_STRICT_OBJC_MSGSEND = YES;
				ENABLE_TESTABILITY = YES;
				ENABLE_USER_SCRIPT_SANDBOXING = YES;
				GCC_C_LANGUAGE_STANDARD = gnu17;
				GCC_DYNAMIC_NO_PIC = NO;
				GCC_NO_COMMON_BLOCKS = YES;
				GCC_OPTIMIZATION_LEVEL = 0;
				GCC_PREPROCESSOR_DEFINITIONS = (
					"DEBUG=1",
					"$(inherited)",
				);
				GCC_WARN_64_TO_32_BIT_CONVERSION = YES;
				GCC_WARN_ABOUT_RETURN_TYPE = YES_ERROR;
				GCC_WARN_UNDECLARED_SELECTOR = YES;
				GCC_WARN_UNINITIALIZED_AUTOS = YES_AGGRESSIVE;
				GCC_WARN_UNUSED_FUNCTION = YES;
				GCC_WARN_UNUSED_VARIABLE = YES;
				IPHONEOS_DEPLOYMENT_TARGET = 26.2;
				LOCALIZATION_PREFERS_STRING_CATALOGS = YES;
				MTL_ENABLE_DEBUG_INFO = INCLUDE_SOURCE;
				MTL_FAST_MATH = YES;
				ONLY_ACTIVE_ARCH = YES;
				SDKROOT = iphoneos;
				STRING_CATALOG_GENERATE_SYMBOLS = YES;
				SWIFT_ACTIVE_COMPILATION_CONDITIONS = "DEBUG $(inherited)";
				SWIFT_OPTIMIZATION_LEVEL = "-Onone";
			};
			name = Debug;
		};
		D1473B9F2F39023D00F93BDF /* Release */ = {
			isa = XCBuildConfiguration;
			buildSettings = {
				ALWAYS_SEARCH_USER_PATHS = NO;
				ASSETCATALOG_COMPILER_GENERATE_SWIFT_ASSET_SYMBOL_EXTENSIONS = YES;
				CLANG_ANALYZER_NONNULL = YES;
				CLANG_ANALYZER_NUMBER_OBJECT_CONVERSION = YES_AGGRESSIVE;
				CLANG_CXX_LANGUAGE_STANDARD = "gnu++20";
				CLANG_ENABLE_MODULES = YES;
				CLANG_ENABLE_OBJC_ARC = YES;
				CLANG_ENABLE_OBJC_WEAK = YES;
				CLANG_WARN_BLOCK_CAPTURE_AUTORELEASING = YES;
				CLANG_WARN_BOOL_CONVERSION = YES;
				CLANG_WARN_COMMA = YES;
				CLANG_WARN_CONSTANT_CONVERSION = YES;
				CLANG_WARN_DEPRECATED_OBJC_IMPLEMENTATIONS = YES;
				CLANG_WARN_DIRECT_OBJC_ISA_USAGE = YES_ERROR;
				CLANG_WARN_DOCUMENTATION_COMMENTS = YES;
				CLANG_WARN_EMPTY_BODY = YES;
				CLANG_WARN_ENUM_CONVERSION = YES;
				CLANG_WARN_INFINITE_RECURSION = YES;
				CLANG_WARN_INT_CONVERSION = YES;
				CLANG_WARN_NON_LITERAL_NULL_CONVERSION = YES;
				CLANG_WARN_OBJC_IMPLICIT_RETAIN_SELF = YES;
				CLANG_WARN_OBJC_LITERAL_CONVERSION = YES;
				CLANG_WARN_OBJC_ROOT_CLASS = YES_ERROR;
				CLANG_WARN_QUOTED_INCLUDE_IN_FRAMEWORK_HEADER = YES;
				CLANG_WARN_RANGE_LOOP_ANALYSIS = YES;
				CLANG_WARN_STRICT_PROTOTYPES = YES;
				CLANG_WARN_SUSPICIOUS_MOVE = YES;
				CLANG_WARN_UNGUARDED_AVAILABILITY = YES_AGGRESSIVE;
				CLANG_WARN_UNREACHABLE_CODE = YES;
				CLANG_WARN__DUPLICATE_METHOD_MATCH = YES;
				COPY_PHASE_STRIP = NO;
				DEBUG_INFORMATION_FORMAT = "dwarf-with-dsym";
				DEVELOPMENT_TEAM = Y35DF7ZN72;
				ENABLE_NS_ASSERTIONS = NO;
				ENABLE_STRICT_OBJC_MSGSEND = YES;
				ENABLE_USER_SCRIPT_SANDBOXING = YES;
				GCC_C_LANGUAGE_STANDARD = gnu17;
				GCC_NO_COMMON_BLOCKS = YES;
				GCC_WARN_64_TO_32_BIT_CONVERSION = YES;
				GCC_WARN_ABOUT_RETURN_TYPE = YES_ERROR;
				GCC_WARN_UNDECLARED_SELECTOR = YES;
				GCC_WARN_UNINITIALIZED_AUTOS = YES_AGGRESSIVE;
				GCC_WARN_UNUSED_FUNCTION = YES;
				GCC_WARN_UNUSED_VARIABLE = YES;
				IPHONEOS_DEPLOYMENT_TARGET = 26.2;
				LOCALIZATION_PREFERS_STRING_CATALOGS = YES;
				MTL_ENABLE_DEBUG_INFO = NO;
				MTL_FAST_MATH = YES;
				SDKROOT = iphoneos;
				STRING_CATALOG_GENERATE_SYMBOLS = YES;
				SWIFT_COMPILATION_MODE = wholemodule;
				VALIDATE_PRODUCT = YES;
			};
			name = Release;
		};
		D1473BA12F39023D00F93BDF /* Debug */ = {
			isa = XCBuildConfiguration;
			buildSettings = {
				ASSETCATALOG_COMPILER_APPICON_NAME = AppIcon;
				ASSETCATALOG_COMPILER_GLOBAL_ACCENT_COLOR_NAME = AccentColor;
				CODE_SIGN_ENTITLEMENTS = Flux/Flux.entitlements;
				CODE_SIGN_STYLE = Automatic;
				CURRENT_PROJECT_VERSION = 70;
				DEVELOPMENT_TEAM = Y35DF7ZN72;
				ENABLE_PREVIEWS = YES;
				GENERATE_INFOPLIST_FILE = NO;
				INFOPLIST_FILE = "Flux-Info.plist";
				INFOPLIST_KEY_LSApplicationCategoryType = "public.app-category.finance";
				LD_RUNPATH_SEARCH_PATHS = (
					"$(inherited)",
					"@executable_path/Frameworks",
				);
				MARKETING_VERSION = 1.10;
				PRODUCT_BUNDLE_IDENTIFIER = Wing.Flux;
				PRODUCT_NAME = "$(TARGET_NAME)";
				STRING_CATALOG_GENERATE_SYMBOLS = YES;
				SWIFT_APPROACHABLE_CONCURRENCY = YES;
				SWIFT_DEFAULT_ACTOR_ISOLATION = MainActor;
				SWIFT_EMIT_LOC_STRINGS = YES;
				SWIFT_UPCOMING_FEATURE_MEMBER_IMPORT_VISIBILITY = YES;
				SWIFT_VERSION = 5.0;
				TARGETED_DEVICE_FAMILY = 1;
			};
			name = Debug;
		};
		D1473BA22F39023D00F93BDF /* Release */ = {
			isa = XCBuildConfiguration;
			buildSettings = {
				ASSETCATALOG_COMPILER_APPICON_NAME = AppIcon;
				ASSETCATALOG_COMPILER_GLOBAL_ACCENT_COLOR_NAME = AccentColor;
				CODE_SIGN_ENTITLEMENTS = Flux/Flux.entitlements;
				CODE_SIGN_STYLE = Automatic;
				CURRENT_PROJECT_VERSION = 70;
				DEVELOPMENT_TEAM = Y35DF7ZN72;
				ENABLE_PREVIEWS = YES;
				GENERATE_INFOPLIST_FILE = NO;
				INFOPLIST_FILE = "Flux-Info.plist";
				INFOPLIST_KEY_LSApplicationCategoryType = "public.app-category.finance";
				LD_RUNPATH_SEARCH_PATHS = (
					"$(inherited)",
					"@executable_path/Frameworks",
				);
				MARKETING_VERSION = 1.10;
				PRODUCT_BUNDLE_IDENTIFIER = Wing.Flux;
				PRODUCT_NAME = "$(TARGET_NAME)";
				STRING_CATALOG_GENERATE_SYMBOLS = YES;
				SWIFT_APPROACHABLE_CONCURRENCY = YES;
				SWIFT_DEFAULT_ACTOR_ISOLATION = MainActor;
				SWIFT_EMIT_LOC_STRINGS = YES;
				SWIFT_UPCOMING_FEATURE_MEMBER_IMPORT_VISIBILITY = YES;
				SWIFT_VERSION = 5.0;
				TARGETED_DEVICE_FAMILY = 1;
			};
			name = Release;
		};
		D1473BA42F39023D00F93BDF /* Debug */ = {
			isa = XCBuildConfiguration;
			buildSettings = {
				BUNDLE_LOADER = "$(TEST_HOST)";
				CODE_SIGN_STYLE = Automatic;
				CURRENT_PROJECT_VERSION = 1;
				DEVELOPMENT_TEAM = Y35DF7ZN72;
				GENERATE_INFOPLIST_FILE = YES;
				IPHONEOS_DEPLOYMENT_TARGET = 26.2;
				MARKETING_VERSION = 1.0;
				PRODUCT_BUNDLE_IDENTIFIER = Wing.FluxTests;
				PRODUCT_NAME = "$(TARGET_NAME)";
				STRING_CATALOG_GENERATE_SYMBOLS = NO;
				SWIFT_APPROACHABLE_CONCURRENCY = YES;
				SWIFT_EMIT_LOC_STRINGS = NO;
				SWIFT_UPCOMING_FEATURE_MEMBER_IMPORT_VISIBILITY = YES;
				SWIFT_VERSION = 5.0;
				TARGETED_DEVICE_FAMILY = 1;
				TEST_HOST = "$(BUILT_PRODUCTS_DIR)/Flux.app/$(BUNDLE_EXECUTABLE_FOLDER_PATH)/Flux";
			};
			name = Debug;
		};
		D1473BA52F39023D00F93BDF /* Release */ = {
			isa = XCBuildConfiguration;
			buildSettings = {
				BUNDLE_LOADER = "$(TEST_HOST)";
				CODE_SIGN_STYLE = Automatic;
				CURRENT_PROJECT_VERSION = 1;
				DEVELOPMENT_TEAM = Y35DF7ZN72;
				GENERATE_INFOPLIST_FILE = YES;
				IPHONEOS_DEPLOYMENT_TARGET = 26.2;
				MARKETING_VERSION = 1.0;
				PRODUCT_BUNDLE_IDENTIFIER = Wing.FluxTests;
				PRODUCT_NAME = "$(TARGET_NAME)";
				STRING_CATALOG_GENERATE_SYMBOLS = NO;
				SWIFT_APPROACHABLE_CONCURRENCY = YES;
				SWIFT_EMIT_LOC_STRINGS = NO;
				SWIFT_UPCOMING_FEATURE_MEMBER_IMPORT_VISIBILITY = YES;
				SWIFT_VERSION = 5.0;
				TARGETED_DEVICE_FAMILY = 1;
				TEST_HOST = "$(BUILT_PRODUCTS_DIR)/Flux.app/$(BUNDLE_EXECUTABLE_FOLDER_PATH)/Flux";
			};
			name = Release;
		};
		D1473BA72F39023D00F93BDF /* Debug */ = {
			isa = XCBuildConfiguration;
			buildSettings = {
				CODE_SIGN_STYLE = Automatic;
				CURRENT_PROJECT_VERSION = 1;
				DEVELOPMENT_TEAM = Y35DF7ZN72;
				GENERATE_INFOPLIST_FILE = YES;
				MARKETING_VERSION = 1.0;
				PRODUCT_BUNDLE_IDENTIFIER = Wing.FluxUITests;
				PRODUCT_NAME = "$(TARGET_NAME)";
				STRING_CATALOG_GENERATE_SYMBOLS = NO;
				SWIFT_APPROACHABLE_CONCURRENCY = YES;
				SWIFT_EMIT_LOC_STRINGS = NO;
				SWIFT_UPCOMING_FEATURE_MEMBER_IMPORT_VISIBILITY = YES;
				SWIFT_VERSION = 5.0;
				TARGETED_DEVICE_FAMILY = 1;
				TEST_TARGET_NAME = Flux;
			};
			name = Debug;
		};
		D1473BA82F39023D00F93BDF /* Release */ = {
			isa = XCBuildConfiguration;
			buildSettings = {
				CODE_SIGN_STYLE = Automatic;
				CURRENT_PROJECT_VERSION = 1;
				DEVELOPMENT_TEAM = Y35DF7ZN72;
				GENERATE_INFOPLIST_FILE = YES;
				MARKETING_VERSION = 1.0;
				PRODUCT_BUNDLE_IDENTIFIER = Wing.FluxUITests;
				PRODUCT_NAME = "$(TARGET_NAME)";
				STRING_CATALOG_GENERATE_SYMBOLS = NO;
				SWIFT_APPROACHABLE_CONCURRENCY = YES;
				SWIFT_EMIT_LOC_STRINGS = NO;
				SWIFT_UPCOMING_FEATURE_MEMBER_IMPORT_VISIBILITY = YES;
				SWIFT_VERSION = 5.0;
				TARGETED_DEVICE_FAMILY = 1;
				TEST_TARGET_NAME = Flux;
			};
			name = Release;
		};
/* End XCBuildConfiguration section */

/* Begin XCConfigurationList section */
		C0DA000D2F50000000C0DA0D /* Build configuration list for PBXNativeTarget "DailySumControls" */ = {
			isa = XCConfigurationList;
			buildConfigurations = (
				C0DA000B2F50000000C0DA0B /* Debug */,
				C0DA000C2F50000000C0DA0C /* Release */,
			);
			defaultConfigurationIsVisible = 0;
			defaultConfigurationName = Release;
		};
		D1473B782F39023C00F93BDF /* Build configuration list for PBXProject "Flux" */ = {
			isa = XCConfigurationList;
			buildConfigurations = (
				D1473B9E2F39023D00F93BDF /* Debug */,
				D1473B9F2F39023D00F93BDF /* Release */,
			);
			defaultConfigurationIsVisible = 0;
			defaultConfigurationName = Release;
		};
		D1473BA02F39023D00F93BDF /* Build configuration list for PBXNativeTarget "Flux" */ = {
			isa = XCConfigurationList;
			buildConfigurations = (
				D1473BA12F39023D00F93BDF /* Debug */,
				D1473BA22F39023D00F93BDF /* Release */,
			);
			defaultConfigurationIsVisible = 0;
			defaultConfigurationName = Release;
		};
		D1473BA32F39023D00F93BDF /* Build configuration list for PBXNativeTarget "FluxTests" */ = {
			isa = XCConfigurationList;
			buildConfigurations = (
				D1473BA42F39023D00F93BDF /* Debug */,
				D1473BA52F39023D00F93BDF /* Release */,
			);
			defaultConfigurationIsVisible = 0;
			defaultConfigurationName = Release;
		};
		D1473BA62F39023D00F93BDF /* Build configuration list for PBXNativeTarget "FluxUITests" */ = {
			isa = XCConfigurationList;
			buildConfigurations = (
				D1473BA72F39023D00F93BDF /* Debug */,
				D1473BA82F39023D00F93BDF /* Release */,
			);
			defaultConfigurationIsVisible = 0;
			defaultConfigurationName = Release;
		};
/* End XCConfigurationList section */
	};
	rootObject = D1473B752F39023C00F93BDF /* Project object */;
}
